// !$*UTF8*$!
{
	archiveVersion = 1;
	classes = {
	};
	objectVersion = 46;
	objects = {

/* Begin PBXBuildFile section */
		9F6AAA72194E1C1100D470ED /* YelpClient.m in Sources */ = {isa = PBXBuildFile; fileRef = 9F6AAA71194E1C1100D470ED /* YelpClient.m */; };
		9F6AAA77194E29C000D470ED /* ListViewController.m in Sources */ = {isa = PBXBuildFile; fileRef = 9F6AAA75194E29C000D470ED /* ListViewController.m */; };
		9F6AAA78194E29C000D470ED /* ListViewController.xib in Resources */ = {isa = PBXBuildFile; fileRef = 9F6AAA76194E29C000D470ED /* ListViewController.xib */; };
		9F6AAA7C194E2BC200D470ED /* DisplayCell.m in Sources */ = {isa = PBXBuildFile; fileRef = 9F6AAA7A194E2BC200D470ED /* DisplayCell.m */; };
		9F6AAA7D194E2BC200D470ED /* DisplayCell.xib in Resources */ = {isa = PBXBuildFile; fileRef = 9F6AAA7B194E2BC200D470ED /* DisplayCell.xib */; };
		9F6AAA80194E410100D470ED /* YelpModel.m in Sources */ = {isa = PBXBuildFile; fileRef = 9F6AAA7F194E410100D470ED /* YelpModel.m */; };
		9FCFEE83194D0977001DBE4E /* Foundation.framework in Frameworks */ = {isa = PBXBuildFile; fileRef = 9FCFEE82194D0977001DBE4E /* Foundation.framework */; };
		9FCFEE85194D0977001DBE4E /* CoreGraphics.framework in Frameworks */ = {isa = PBXBuildFile; fileRef = 9FCFEE84194D0977001DBE4E /* CoreGraphics.framework */; };
		9FCFEE87194D0977001DBE4E /* UIKit.framework in Frameworks */ = {isa = PBXBuildFile; fileRef = 9FCFEE86194D0977001DBE4E /* UIKit.framework */; };
		9FCFEE8D194D0977001DBE4E /* InfoPlist.strings in Resources */ = {isa = PBXBuildFile; fileRef = 9FCFEE8B194D0977001DBE4E /* InfoPlist.strings */; };
		9FCFEE8F194D0977001DBE4E /* main.m in Sources */ = {isa = PBXBuildFile; fileRef = 9FCFEE8E194D0977001DBE4E /* main.m */; };
		9FCFEE93194D0977001DBE4E /* AppDelegate.m in Sources */ = {isa = PBXBuildFile; fileRef = 9FCFEE92194D0977001DBE4E /* AppDelegate.m */; };
		9FCFEE95194D0977001DBE4E /* Images.xcassets in Resources */ = {isa = PBXBuildFile; fileRef = 9FCFEE94194D0977001DBE4E /* Images.xcassets */; };
		9FCFEE9C194D0977001DBE4E /* XCTest.framework in Frameworks */ = {isa = PBXBuildFile; fileRef = 9FCFEE9B194D0977001DBE4E /* XCTest.framework */; };
		9FCFEE9D194D0977001DBE4E /* Foundation.framework in Frameworks */ = {isa = PBXBuildFile; fileRef = 9FCFEE82194D0977001DBE4E /* Foundation.framework */; };
		9FCFEE9E194D0977001DBE4E /* UIKit.framework in Frameworks */ = {isa = PBXBuildFile; fileRef = 9FCFEE86194D0977001DBE4E /* UIKit.framework */; };
		9FCFEEA6194D0977001DBE4E /* InfoPlist.strings in Resources */ = {isa = PBXBuildFile; fileRef = 9FCFEEA4194D0977001DBE4E /* InfoPlist.strings */; };
		9FCFEEA8194D0977001DBE4E /* YelpTests.m in Sources */ = {isa = PBXBuildFile; fileRef = 9FCFEEA7194D0977001DBE4E /* YelpTests.m */; };
		DD1D0409978C4155A0152AA5 /* libPods.a in Frameworks */ = {isa = PBXBuildFile; fileRef = A7BFA017B9034C2B99EB31B6 /* libPods.a */; };
/* End PBXBuildFile section */

/* Begin PBXContainerItemProxy section */
		9FCFEE9F194D0977001DBE4E /* PBXContainerItemProxy */ = {
			isa = PBXContainerItemProxy;
			containerPortal = 9FCFEE77194D0977001DBE4E /* Project object */;
			proxyType = 1;
			remoteGlobalIDString = 9FCFEE7E194D0977001DBE4E;
			remoteInfo = Yelp;
		};
/* End PBXContainerItemProxy section */

/* Begin PBXFileReference section */
		9EFA36B4E30340F8B21D965A /* Pods.xcconfig */ = {isa = PBXFileReference; includeInIndex = 1; lastKnownFileType = text.xcconfig; name = Pods.xcconfig; path = Pods/Pods.xcconfig; sourceTree = "<group>"; };
		9F6AAA70194E1C1100D470ED /* YelpClient.h */ = {isa = PBXFileReference; fileEncoding = 4; lastKnownFileType = sourcecode.c.h; path = YelpClient.h; sourceTree = "<group>"; };
		9F6AAA71194E1C1100D470ED /* YelpClient.m */ = {isa = PBXFileReference; fileEncoding = 4; lastKnownFileType = sourcecode.c.objc; path = YelpClient.m; sourceTree = "<group>"; };
		9F6AAA74194E29C000D470ED /* ListViewController.h */ = {isa = PBXFileReference; fileEncoding = 4; lastKnownFileType = sourcecode.c.h; path = ListViewController.h; sourceTree = "<group>"; };
		9F6AAA75194E29C000D470ED /* ListViewController.m */ = {isa = PBXFileReference; fileEncoding = 4; lastKnownFileType = sourcecode.c.objc; path = ListViewController.m; sourceTree = "<group>"; };
		9F6AAA76194E29C000D470ED /* ListViewController.xib */ = {isa = PBXFileReference; fileEncoding = 4; lastKnownFileType = file.xib; path = ListViewController.xib; sourceTree = "<group>"; };
		9F6AAA79194E2BC200D470ED /* DisplayCell.h */ = {isa = PBXFileReference; fileEncoding = 4; lastKnownFileType = sourcecode.c.h; path = DisplayCell.h; sourceTree = "<group>"; };
		9F6AAA7A194E2BC200D470ED /* DisplayCell.m */ = {isa = PBXFileReference; fileEncoding = 4; lastKnownFileType = sourcecode.c.objc; path = DisplayCell.m; sourceTree = "<group>"; };
		9F6AAA7B194E2BC200D470ED /* DisplayCell.xib */ = {isa = PBXFileReference; fileEncoding = 4; lastKnownFileType = file.xib; path = DisplayCell.xib; sourceTree = "<group>"; };
		9F6AAA7E194E410100D470ED /* YelpModel.h */ = {isa = PBXFileReference; fileEncoding = 4; lastKnownFileType = sourcecode.c.h; path = YelpModel.h; sourceTree = "<group>"; };
		9F6AAA7F194E410100D470ED /* YelpModel.m */ = {isa = PBXFileReference; fileEncoding = 4; lastKnownFileType = sourcecode.c.objc; path = YelpModel.m; sourceTree = "<group>"; };
		9FCFEE7F194D0977001DBE4E /* Yelp.app */ = {isa = PBXFileReference; explicitFileType = wrapper.application; includeInIndex = 0; path = Yelp.app; sourceTree = BUILT_PRODUCTS_DIR; };
		9FCFEE82194D0977001DBE4E /* Foundation.framework */ = {isa = PBXFileReference; lastKnownFileType = wrapper.framework; name = Foundation.framework; path = System/Library/Frameworks/Foundation.framework; sourceTree = SDKROOT; };
		9FCFEE84194D0977001DBE4E /* CoreGraphics.framework */ = {isa = PBXFileReference; lastKnownFileType = wrapper.framework; name = CoreGraphics.framework; path = System/Library/Frameworks/CoreGraphics.framework; sourceTree = SDKROOT; };
		9FCFEE86194D0977001DBE4E /* UIKit.framework */ = {isa = PBXFileReference; lastKnownFileType = wrapper.framework; name = UIKit.framework; path = System/Library/Frameworks/UIKit.framework; sourceTree = SDKROOT; };
		9FCFEE8A194D0977001DBE4E /* Yelp-Info.plist */ = {isa = PBXFileReference; lastKnownFileType = text.plist.xml; path = "Yelp-Info.plist"; sourceTree = "<group>"; };
		9FCFEE8C194D0977001DBE4E /* en */ = {isa = PBXFileReference; lastKnownFileType = text.plist.strings; name = en; path = en.lproj/InfoPlist.strings; sourceTree = "<group>"; };
		9FCFEE8E194D0977001DBE4E /* main.m */ = {isa = PBXFileReference; lastKnownFileType = sourcecode.c.objc; path = main.m; sourceTree = "<group>"; };
		9FCFEE90194D0977001DBE4E /* Yelp-Prefix.pch */ = {isa = PBXFileReference; lastKnownFileType = sourcecode.c.h; path = "Yelp-Prefix.pch"; sourceTree = "<group>"; };
		9FCFEE91194D0977001DBE4E /* AppDelegate.h */ = {isa = PBXFileReference; lastKnownFileType = sourcecode.c.h; path = AppDelegate.h; sourceTree = "<group>"; };
		9FCFEE92194D0977001DBE4E /* AppDelegate.m */ = {isa = PBXFileReference; lastKnownFileType = sourcecode.c.objc; path = AppDelegate.m; sourceTree = "<group>"; };
		9FCFEE94194D0977001DBE4E /* Images.xcassets */ = {isa = PBXFileReference; lastKnownFileType = folder.assetcatalog; path = Images.xcassets; sourceTree = "<group>"; };
		9FCFEE9A194D0977001DBE4E /* YelpTests.xctest */ = {isa = PBXFileReference; explicitFileType = wrapper.cfbundle; includeInIndex = 0; path = YelpTests.xctest; sourceTree = BUILT_PRODUCTS_DIR; };
		9FCFEE9B194D0977001DBE4E /* XCTest.framework */ = {isa = PBXFileReference; lastKnownFileType = wrapper.framework; name = XCTest.framework; path = Library/Frameworks/XCTest.framework; sourceTree = DEVELOPER_DIR; };
		9FCFEEA3194D0977001DBE4E /* YelpTests-Info.plist */ = {isa = PBXFileReference; lastKnownFileType = text.plist.xml; path = "YelpTests-Info.plist"; sourceTree = "<group>"; };
		9FCFEEA5194D0977001DBE4E /* en */ = {isa = PBXFileReference; lastKnownFileType = text.plist.strings; name = en; path = en.lproj/InfoPlist.strings; sourceTree = "<group>"; };
		9FCFEEA7194D0977001DBE4E /* YelpTests.m */ = {isa = PBXFileReference; lastKnownFileType = sourcecode.c.objc; path = YelpTests.m; sourceTree = "<group>"; };
		A7BFA017B9034C2B99EB31B6 /* libPods.a */ = {isa = PBXFileReference; explicitFileType = archive.ar; includeInIndex = 0; path = libPods.a; sourceTree = BUILT_PRODUCTS_DIR; };
/* End PBXFileReference section */

/* Begin PBXFrameworksBuildPhase section */
		9FCFEE7C194D0977001DBE4E /* Frameworks */ = {
			isa = PBXFrameworksBuildPhase;
			buildActionMask = 2147483647;
			files = (
				9FCFEE85194D0977001DBE4E /* CoreGraphics.framework in Frameworks */,
				9FCFEE87194D0977001DBE4E /* UIKit.framework in Frameworks */,
				9FCFEE83194D0977001DBE4E /* Foundation.framework in Frameworks */,
				DD1D0409978C4155A0152AA5 /* libPods.a in Frameworks */,
			);
			runOnlyForDeploymentPostprocessing = 0;
		};
		9FCFEE97194D0977001DBE4E /* Frameworks */ = {
			isa = PBXFrameworksBuildPhase;
			buildActionMask = 2147483647;
			files = (
				9FCFEE9C194D0977001DBE4E /* XCTest.framework in Frameworks */,
				9FCFEE9E194D0977001DBE4E /* UIKit.framework in Frameworks */,
				9FCFEE9D194D0977001DBE4E /* Foundation.framework in Frameworks */,
			);
			runOnlyForDeploymentPostprocessing = 0;
		};
/* End PBXFrameworksBuildPhase section */

/* Begin PBXGroup section */
		9F6AAA67194D1CBE00D470ED /* Models */ = {
			isa = PBXGroup;
			children = (
			);
			name = Models;
			sourceTree = "<group>";
		};
		9F6AAA68194D1CC900D470ED /* ViewControllers */ = {
			isa = PBXGroup;
			children = (
				9F6AAA74194E29C000D470ED /* ListViewController.h */,
				9F6AAA75194E29C000D470ED /* ListViewController.m */,
				9F6AAA76194E29C000D470ED /* ListViewController.xib */,
			);
			name = ViewControllers;
			sourceTree = "<group>";
		};
		9F6AAA69194D1CD500D470ED /* Views */ = {
			isa = PBXGroup;
			children = (
				9F6AAA79194E2BC200D470ED /* DisplayCell.h */,
				9F6AAA7A194E2BC200D470ED /* DisplayCell.m */,
				9F6AAA7B194E2BC200D470ED /* DisplayCell.xib */,
			);
			name = Views;
			sourceTree = "<group>";
		};
		9F6AAA6F194E1BD100D470ED /* API */ = {
			isa = PBXGroup;
			children = (
				9F6AAA70194E1C1100D470ED /* YelpClient.h */,
				9F6AAA71194E1C1100D470ED /* YelpClient.m */,
			);
			name = API;
			sourceTree = "<group>";
		};
		9F6AAA73194E281E00D470ED /* Models */ = {
			isa = PBXGroup;
			children = (
				9F6AAA7E194E410100D470ED /* YelpModel.h */,
				9F6AAA7F194E410100D470ED /* YelpModel.m */,
			);
			name = Models;
			sourceTree = "<group>";
		};
		9FCFEE76194D0977001DBE4E = {
			isa = PBXGroup;
			children = (
				9FCFEE88194D0977001DBE4E /* Yelp */,
				9FCFEEA1194D0977001DBE4E /* YelpTests */,
				9FCFEE81194D0977001DBE4E /* Frameworks */,
				9FCFEE80194D0977001DBE4E /* Products */,
				9EFA36B4E30340F8B21D965A /* Pods.xcconfig */,
			);
			sourceTree = "<group>";
		};
		9FCFEE80194D0977001DBE4E /* Products */ = {
			isa = PBXGroup;
			children = (
				9FCFEE7F194D0977001DBE4E /* Yelp.app */,
				9FCFEE9A194D0977001DBE4E /* YelpTests.xctest */,
			);
			name = Products;
			sourceTree = "<group>";
		};
		9FCFEE81194D0977001DBE4E /* Frameworks */ = {
			isa = PBXGroup;
			children = (
				9FCFEE82194D0977001DBE4E /* Foundation.framework */,
				9FCFEE84194D0977001DBE4E /* CoreGraphics.framework */,
				9FCFEE86194D0977001DBE4E /* UIKit.framework */,
				9FCFEE9B194D0977001DBE4E /* XCTest.framework */,
				A7BFA017B9034C2B99EB31B6 /* libPods.a */,
			);
			name = Frameworks;
			sourceTree = "<group>";
		};
		9FCFEE88194D0977001DBE4E /* Yelp */ = {
			isa = PBXGroup;
			children = (
				9F6AAA73194E281E00D470ED /* Models */,
				9F6AAA6F194E1BD100D470ED /* API */,
				9F6AAA69194D1CD500D470ED /* Views */,
				9F6AAA68194D1CC900D470ED /* ViewControllers */,
				9F6AAA67194D1CBE00D470ED /* Models */,
				9FCFEE91194D0977001DBE4E /* AppDelegate.h */,
				9FCFEE92194D0977001DBE4E /* AppDelegate.m */,
				9FCFEE94194D0977001DBE4E /* Images.xcassets */,
				9FCFEE89194D0977001DBE4E /* Supporting Files */,
			);
			path = Yelp;
			sourceTree = "<group>";
		};
		9FCFEE89194D0977001DBE4E /* Supporting Files */ = {
			isa = PBXGroup;
			children = (
				9FCFEE8A194D0977001DBE4E /* Yelp-Info.plist */,
				9FCFEE8B194D0977001DBE4E /* InfoPlist.strings */,
				9FCFEE8E194D0977001DBE4E /* main.m */,
				9FCFEE90194D0977001DBE4E /* Yelp-Prefix.pch */,
			);
			name = "Supporting Files";
			sourceTree = "<group>";
		};
		9FCFEEA1194D0977001DBE4E /* YelpTests */ = {
			isa = PBXGroup;
			children = (
				9FCFEEA7194D0977001DBE4E /* YelpTests.m */,
				9FCFEEA2194D0977001DBE4E /* Supporting Files */,
			);
			path = YelpTests;
			sourceTree = "<group>";
		};
		9FCFEEA2194D0977001DBE4E /* Supporting Files */ = {
			isa = PBXGroup;
			children = (
				9FCFEEA3194D0977001DBE4E /* YelpTests-Info.plist */,
				9FCFEEA4194D0977001DBE4E /* InfoPlist.strings */,
			);
			name = "Supporting Files";
			sourceTree = "<group>";
		};
/* End PBXGroup section */

/* Begin PBXNativeTarget section */
		9FCFEE7E194D0977001DBE4E /* Yelp */ = {
			isa = PBXNativeTarget;
			buildConfigurationList = 9FCFEEAB194D0977001DBE4E /* Build configuration list for PBXNativeTarget "Yelp" */;
			buildPhases = (
				A3BDE618985C48CAA1857EA8 /* Check Pods Manifest.lock */,
				9FCFEE7B194D0977001DBE4E /* Sources */,
				9FCFEE7C194D0977001DBE4E /* Frameworks */,
				9FCFEE7D194D0977001DBE4E /* Resources */,
				14EE260582A743E0ACCB3154 /* Copy Pods Resources */,
			);
			buildRules = (
			);
			dependencies = (
			);
			name = Yelp;
			productName = Yelp;
			productReference = 9FCFEE7F194D0977001DBE4E /* Yelp.app */;
			productType = "com.apple.product-type.application";
		};
		9FCFEE99194D0977001DBE4E /* YelpTests */ = {
			isa = PBXNativeTarget;
			buildConfigurationList = 9FCFEEAE194D0977001DBE4E /* Build configuration list for PBXNativeTarget "YelpTests" */;
			buildPhases = (
				9FCFEE96194D0977001DBE4E /* Sources */,
				9FCFEE97194D0977001DBE4E /* Frameworks */,
				9FCFEE98194D0977001DBE4E /* Resources */,
			);
			buildRules = (
			);
			dependencies = (
				9FCFEEA0194D0977001DBE4E /* PBXTargetDependency */,
			);
			name = YelpTests;
			productName = YelpTests;
			productReference = 9FCFEE9A194D0977001DBE4E /* YelpTests.xctest */;
			productType = "com.apple.product-type.bundle.unit-test";
		};
/* End PBXNativeTarget section */

/* Begin PBXProject section */
		9FCFEE77194D0977001DBE4E /* Project object */ = {
			isa = PBXProject;
			attributes = {
				LastUpgradeCheck = 0510;
				ORGANIZATIONNAME = "Hemen Chhatbar";
				TargetAttributes = {
					9FCFEE99194D0977001DBE4E = {
						TestTargetID = 9FCFEE7E194D0977001DBE4E;
					};
				};
			};
			buildConfigurationList = 9FCFEE7A194D0977001DBE4E /* Build configuration list for PBXProject "Yelp" */;
			compatibilityVersion = "Xcode 3.2";
			developmentRegion = English;
			hasScannedForEncodings = 0;
			knownRegions = (
				en,
			);
			mainGroup = 9FCFEE76194D0977001DBE4E;
			productRefGroup = 9FCFEE80194D0977001DBE4E /* Products */;
			projectDirPath = "";
			projectRoot = "";
			targets = (
				9FCFEE7E194D0977001DBE4E /* Yelp */,
				9FCFEE99194D0977001DBE4E /* YelpTests */,
			);
		};
/* End PBXProject section */

/* Begin PBXResourcesBuildPhase section */
		9FCFEE7D194D0977001DBE4E /* Resources */ = {
			isa = PBXResourcesBuildPhase;
			buildActionMask = 2147483647;
			files = (
				9FCFEE8D194D0977001DBE4E /* InfoPlist.strings in Resources */,
				9F6AAA78194E29C000D470ED /* ListViewController.xib in Resources */,
				9F6AAA7D194E2BC200D470ED /* DisplayCell.xib in Resources */,
				9FCFEE95194D0977001DBE4E /* Images.xcassets in Resources */,
			);
			runOnlyForDeploymentPostprocessing = 0;
		};
		9FCFEE98194D0977001DBE4E /* Resources */ = {
			isa = PBXResourcesBuildPhase;
			buildActionMask = 2147483647;
			files = (
				9FCFEEA6194D0977001DBE4E /* InfoPlist.strings in Resources */,
			);
			runOnlyForDeploymentPostprocessing = 0;
		};
/* End PBXResourcesBuildPhase section */

/* Begin PBXShellScriptBuildPhase section */
		14EE260582A743E0ACCB3154 /* Copy Pods Resources */ = {
			isa = PBXShellScriptBuildPhase;
			buildActionMask = 2147483647;
			files = (
			);
			inputPaths = (
			);
			name = "Copy Pods Resources";
			outputPaths = (
			);
			runOnlyForDeploymentPostprocessing = 0;
			shellPath = /bin/sh;
			shellScript = "\"${SRCROOT}/Pods/Pods-resources.sh\"\n";
			showEnvVarsInLog = 0;
		};
		A3BDE618985C48CAA1857EA8 /* Check Pods Manifest.lock */ = {
			isa = PBXShellScriptBuildPhase;
			buildActionMask = 2147483647;
			files = (
			);
			inputPaths = (
			);
			name = "Check Pods Manifest.lock";
			outputPaths = (
			);
			runOnlyForDeploymentPostprocessing = 0;
			shellPath = /bin/sh;
			shellScript = "diff \"${PODS_ROOT}/../Podfile.lock\" \"${PODS_ROOT}/Manifest.lock\" > /dev/null\nif [[ $? != 0 ]] ; then\n    cat << EOM\nerror: The sandbox is not in sync with the Podfile.lock. Run 'pod install' or update your CocoaPods installation.\nEOM\n    exit 1\nfi\n";
			showEnvVarsInLog = 0;
		};
/* End PBXShellScriptBuildPhase section */

/* Begin PBXSourcesBuildPhase section */
		9FCFEE7B194D0977001DBE4E /* Sources */ = {
			isa = PBXSourcesBuildPhase;
			buildActionMask = 2147483647;
			files = (
				9F6AAA77194E29C000D470ED /* ListViewController.m in Sources */,
				9F6AAA72194E1C1100D470ED /* YelpClient.m in Sources */,
				9FCFEE93194D0977001DBE4E /* AppDelegate.m in Sources */,
				9F6AAA80194E410100D470ED /* YelpModel.m in Sources */,
				9F6AAA7C194E2BC200D470ED /* DisplayCell.m in Sources */,
				9FCFEE8F194D0977001DBE4E /* main.m in Sources */,
			);
			runOnlyForDeploymentPostprocessing = 0;
		};
		9FCFEE96194D0977001DBE4E /* Sources */ = {
			isa = PBXSourcesBuildPhase;
			buildActionMask = 2147483647;
			files = (
				9FCFEEA8194D0977001DBE4E /* YelpTests.m in Sources */,
			);
			runOnlyForDeploymentPostprocessing = 0;
		};
/* End PBXSourcesBuildPhase section */

/* Begin PBXTargetDependency section */
		9FCFEEA0194D0977001DBE4E /* PBXTargetDependency */ = {
			isa = PBXTargetDependency;
			target = 9FCFEE7E194D0977001DBE4E /* Yelp */;
			targetProxy = 9FCFEE9F194D0977001DBE4E /* PBXContainerItemProxy */;
		};
/* End PBXTargetDependency section */

/* Begin PBXVariantGroup section */
		9FCFEE8B194D0977001DBE4E /* InfoPlist.strings */ = {
			isa = PBXVariantGroup;
			children = (
				9FCFEE8C194D0977001DBE4E /* en */,
			);
			name = InfoPlist.strings;
			sourceTree = "<group>";
		};
		9FCFEEA4194D0977001DBE4E /* InfoPlist.strings */ = {
			isa = PBXVariantGroup;
			children = (
				9FCFEEA5194D0977001DBE4E /* en */,
			);
			name = InfoPlist.strings;
			sourceTree = "<group>";
		};
/* End PBXVariantGroup section */

/* Begin XCBuildConfiguration section */
		9FCFEEA9194D0977001DBE4E /* Debug */ = {
			isa = XCBuildConfiguration;
			buildSettings = {
				ALWAYS_SEARCH_USER_PATHS = NO;
				CLANG_CXX_LANGUAGE_STANDARD = "gnu++0x";
				CLANG_CXX_LIBRARY = "libc++";
				CLANG_ENABLE_MODULES = YES;
				CLANG_ENABLE_OBJC_ARC = YES;
				CLANG_WARN_BOOL_CONVERSION = YES;
				CLANG_WARN_CONSTANT_CONVERSION = YES;
				CLANG_WARN_DIRECT_OBJC_ISA_USAGE = YES_ERROR;
				CLANG_WARN_EMPTY_BODY = YES;
				CLANG_WARN_ENUM_CONVERSION = YES;
				CLANG_WARN_INT_CONVERSION = YES;
				CLANG_WARN_OBJC_ROOT_CLASS = YES_ERROR;
				CLANG_WARN__DUPLICATE_METHOD_MATCH = YES;
				"CODE_SIGN_IDENTITY[sdk=iphoneos*]" = "iPhone Developer";
				COPY_PHASE_STRIP = NO;
				GCC_C_LANGUAGE_STANDARD = gnu99;
				GCC_DYNAMIC_NO_PIC = NO;
				GCC_OPTIMIZATION_LEVEL = 0;
				GCC_PREPROCESSOR_DEFINITIONS = (
					"DEBUG=1",
					"$(inherited)",
				);
				GCC_SYMBOLS_PRIVATE_EXTERN = NO;
				GCC_WARN_64_TO_32_BIT_CONVERSION = YES;
				GCC_WARN_ABOUT_RETURN_TYPE = YES_ERROR;
				GCC_WARN_UNDECLARED_SELECTOR = YES;
				GCC_WARN_UNINITIALIZED_AUTOS = YES_AGGRESSIVE;
				GCC_WARN_UNUSED_FUNCTION = YES;
				GCC_WARN_UNUSED_VARIABLE = YES;
				IPHONEOS_DEPLOYMENT_TARGET = 7.1;
				ONLY_ACTIVE_ARCH = YES;
				SDKROOT = iphoneos;
			};
			name = Debug;
		};
		9FCFEEAA194D0977001DBE4E /* Release */ = {
			isa = XCBuildConfiguration;
			buildSettings = {
				ALWAYS_SEARCH_USER_PATHS = NO;
				CLANG_CXX_LANGUAGE_STANDARD = "gnu++0x";
				CLANG_CXX_LIBRARY = "libc++";
				CLANG_ENABLE_MODULES = YES;
				CLANG_ENABLE_OBJC_ARC = YES;
				CLANG_WARN_BOOL_CONVERSION = YES;
				CLANG_WARN_CONSTANT_CONVERSION = YES;
				CLANG_WARN_DIRECT_OBJC_ISA_USAGE = YES_ERROR;
				CLANG_WARN_EMPTY_BODY = YES;
				CLANG_WARN_ENUM_CONVERSION = YES;
				CLANG_WARN_INT_CONVERSION = YES;
				CLANG_WARN_OBJC_ROOT_CLASS = YES_ERROR;
				CLANG_WARN__DUPLICATE_METHOD_MATCH = YES;
				"CODE_SIGN_IDENTITY[sdk=iphoneos*]" = "iPhone Developer";
				COPY_PHASE_STRIP = YES;
				ENABLE_NS_ASSERTIONS = NO;
				GCC_C_LANGUAGE_STANDARD = gnu99;
				GCC_WARN_64_TO_32_BIT_CONVERSION = YES;
				GCC_WARN_ABOUT_RETURN_TYPE = YES_ERROR;
				GCC_WARN_UNDECLARED_SELECTOR = YES;
				GCC_WARN_UNINITIALIZED_AUTOS = YES_AGGRESSIVE;
				GCC_WARN_UNUSED_FUNCTION = YES;
				GCC_WARN_UNUSED_VARIABLE = YES;
				IPHONEOS_DEPLOYMENT_TARGET = 7.1;
				SDKROOT = iphoneos;
				VALIDATE_PRODUCT = YES;
			};
			name = Release;
		};
		9FCFEEAC194D0977001DBE4E /* Debug */ = {
			isa = XCBuildConfiguration;
			baseConfigurationReference = 9EFA36B4E30340F8B21D965A /* Pods.xcconfig */;
			buildSettings = {
				ASSETCATALOG_COMPILER_APPICON_NAME = AppIcon;
				ASSETCATALOG_COMPILER_LAUNCHIMAGE_NAME = LaunchImage;
				GCC_PRECOMPILE_PREFIX_HEADER = YES;
				GCC_PREFIX_HEADER = "Yelp/Yelp-Prefix.pch";
				INFOPLIST_FILE = "Yelp/Yelp-Info.plist";
				PRODUCT_NAME = "$(TARGET_NAME)";
				WRAPPER_EXTENSION = app;
			};
			name = Debug;
		};
		9FCFEEAD194D0977001DBE4E /* Release */ = {
			isa = XCBuildConfiguration;
			baseConfigurationReference = 9EFA36B4E30340F8B21D965A /* Pods.xcconfig */;
			buildSettings = {
				ASSETCATALOG_COMPILER_APPICON_NAME = AppIcon;
				ASSETCATALOG_COMPILER_LAUNCHIMAGE_NAME = LaunchImage;
				GCC_PRECOMPILE_PREFIX_HEADER = YES;
				GCC_PREFIX_HEADER = "Yelp/Yelp-Prefix.pch";
				INFOPLIST_FILE = "Yelp/Yelp-Info.plist";
				PRODUCT_NAME = "$(TARGET_NAME)";
				WRAPPER_EXTENSION = app;
			};
			name = Release;
		};
		9FCFEEAF194D0977001DBE4E /* Debug */ = {
			isa = XCBuildConfiguration;
			buildSettings = {
				BUNDLE_LOADER = "$(BUILT_PRODUCTS_DIR)/Yelp.app/Yelp";
				FRAMEWORK_SEARCH_PATHS = (
					"$(SDKROOT)/Developer/Library/Frameworks",
					"$(inherited)",
					"$(DEVELOPER_FRAMEWORKS_DIR)",
				);
				GCC_PRECOMPILE_PREFIX_HEADER = YES;
				GCC_PREFIX_HEADER = "Yelp/Yelp-Prefix.pch";
				GCC_PREPROCESSOR_DEFINITIONS = (
					"DEBUG=1",
					"$(inherited)",
				);
				INFOPLIST_FILE = "YelpTests/YelpTests-Info.plist";
				PRODUCT_NAME = "$(TARGET_NAME)";
				TEST_HOST = "$(BUNDLE_LOADER)";
				WRAPPER_EXTENSION = xctest;
			};
			name = Debug;
		};
		9FCFEEB0194D0977001DBE4E /* Release */ = {
			isa = XCBuildConfiguration;
			buildSettings = {
				BUNDLE_LOADER = "$(BUILT_PRODUCTS_DIR)/Yelp.app/Yelp";
				FRAMEWORK_SEARCH_PATHS = (
					"$(SDKROOT)/Developer/Library/Frameworks",
					"$(inherited)",
					"$(DEVELOPER_FRAMEWORKS_DIR)",
				);
				GCC_PRECOMPILE_PREFIX_HEADER = YES;
				GCC_PREFIX_HEADER = "Yelp/Yelp-Prefix.pch";
				INFOPLIST_FILE = "YelpTests/YelpTests-Info.plist";
				PRODUCT_NAME = "$(TARGET_NAME)";
				TEST_HOST = "$(BUNDLE_LOADER)";
				WRAPPER_EXTENSION = xctest;
			};
			name = Release;
		};
/* End XCBuildConfiguration section */

/* Begin XCConfigurationList section */
		9FCFEE7A194D0977001DBE4E /* Build configuration list for PBXProject "Yelp" */ = {
			isa = XCConfigurationList;
			buildConfigurations = (
				9FCFEEA9194D0977001DBE4E /* Debug */,
				9FCFEEAA194D0977001DBE4E /* Release */,
			);
			defaultConfigurationIsVisible = 0;
			defaultConfigurationName = Release;
		};
		9FCFEEAB194D0977001DBE4E /* Build configuration list for PBXNativeTarget "Yelp" */ = {
			isa = XCConfigurationList;
			buildConfigurations = (
				9FCFEEAC194D0977001DBE4E /* Debug */,
				9FCFEEAD194D0977001DBE4E /* Release */,
			);
			defaultConfigurationIsVisible = 0;
			defaultConfigurationName = Release;
		};
		9FCFEEAE194D0977001DBE4E /* Build configuration list for PBXNativeTarget "YelpTests" */ = {
			isa = XCConfigurationList;
			buildConfigurations = (
				9FCFEEAF194D0977001DBE4E /* Debug */,
				9FCFEEB0194D0977001DBE4E /* Release */,
			);
			defaultConfigurationIsVisible = 0;
			defaultConfigurationName = Release;
		};
/* End XCConfigurationList section */
	};
	rootObject = 9FCFEE77194D0977001DBE4E /* Project object */;
}
